# This file is automatically @generated by Cargo.
# It is not intended for manual editing.
version = 3

[[package]]
name = "fpctl"
version = "0.1.0"
dependencies = [
 "fuse-promise-ipc",
 "fuse-promise-runtime",
]

[[package]]
name = "fuse-promise-daemon"
version = "0.1.0"
dependencies = [
 "fuse-promise-ipc",
 "fuse-promise-runtime",
]

[[package]]
name = "fuse-promise-ffi"
version = "0.1.0"
dependencies = [
 "fuse-promise-runtime",
]

[[package]]
name = "fuse-promise-ipc"
version = "0.1.0"
dependencies = [
 "fuse-promise-runtime",
]

[[package]]
name = "fuse-promise-runtime"
version = "0.1.0"
